
Microsoft Visual Studio Solution File, Format Version 12.00
# Visual Studio 15
VisualStudioVersion = 15.0.28307.168
MinimumVisualStudioVersion = 10.0.40219.1
Project("{FAE04EC0-301F-11D3-BF4B-00C04F79EFBC}") = "DZ", "DZ\DZ.csproj", "{F71B5B21-4C5B-43FF-8AC3-292B11F9406E}"
EndProject
Global
	GlobalSection(SolutionConfigurationPlatforms) = preSolution
		Debug|Any CPU = Debug|Any CPU
		Release|Any CPU = Release|Any CPU
	EndGlobalSection
	GlobalSection(ProjectConfigurationPlatforms) = postSolution
		{F71B5B21-4C5B-43FF-8AC3-292B11F9406E}.Debug|Any CPU.ActiveCfg = Debug|Any CPU
		{F71B5B21-4C5B-43FF-8AC3-292B11F9406E}.Debug|Any CPU.Build.0 = Debug|Any CPU
		{F71B5B21-4C5B-43FF-8AC3-292B11F9406E}.Release|Any CPU.ActiveCfg = Release|Any CPU
		{F71B5B21-4C5B-43FF-8AC3-292B11F9406E}.Release|Any CPU.Build.0 = Release|Any CPU
	EndGlobalSection
	GlobalSection(SolutionProperties) = preSolution
		HideSolutionNode = FALSE
	EndGlobalSection
	GlobalSection(ExtensibilityGlobals) = postSolution
		SolutionGuid = {3DDF630F-C6C2-4432-AC31-9326653F5D1C}
	EndGlobalSection
EndGlobal
